
Microsoft Visual Studio Solution File, Format Version 12.00
# Visual Studio Version 17
VisualStudioVersion = 17.2.32519.379
MinimumVisualStudioVersion = 10.0.40219.1
Project("{FAE04EC0-301F-11D3-BF4B-00C04F79EFBC}") = "GithubAutoUpdater", "GithubAutoUpdater.csproj", "{4E012E7E-1BAB-413C-ABE4-5D40E4CBD692}"
EndProject
Global
	GlobalSection(SolutionConfigurationPlatforms) = preSolution
		Debug|Any CPU = Debug|Any CPU
		Release|Any CPU = Release|Any CPU
	EndGlobalSection
	GlobalSection(ProjectConfigurationPlatforms) = postSolution
		{4E012E7E-1BAB-413C-ABE4-5D40E4CBD692}.Debug|Any CPU.ActiveCfg = Debug|Any CPU
		{4E012E7E-1BAB-413C-ABE4-5D40E4CBD692}.Debug|Any CPU.Build.0 = Debug|Any CPU
		{4E012E7E-1BAB-413C-ABE4-5D40E4CBD692}.Release|Any CPU.ActiveCfg = Release|Any CPU
		{4E012E7E-1BAB-413C-ABE4-5D40E4CBD692}.Release|Any CPU.Build.0 = Release|Any CPU
	EndGlobalSection
	GlobalSection(SolutionProperties) = preSolution
		HideSolutionNode = FALSE
	EndGlobalSection
	GlobalSection(ExtensibilityGlobals) = postSolution
		SolutionGuid = {FAACAF70-AF3A-4C96-BEC2-A0C52F57C1CE}
	EndGlobalSection
EndGlobal
